
Microsoft Visual Studio Solution File, Format Version 12.00
# Visual Studio Version 17
VisualStudioVersion = 17.4.33103.184
MinimumVisualStudioVersion = 10.0.40219.1
Project("{FAE04EC0-301F-11D3-BF4B-00C04F79EFBC}") = "FPTBook", "FPTBook\FPTBook.csproj", "{0659450C-AEF8-4E9A-9619-8144D928442D}"
EndProject
Global
	GlobalSection(SolutionConfigurationPlatforms) = preSolution
		Debug|Any CPU = Debug|Any CPU
		Release|Any CPU = Release|Any CPU
	EndGlobalSection
	GlobalSection(ProjectConfigurationPlatforms) = postSolution
		{0659450C-AEF8-4E9A-9619-8144D928442D}.Debug|Any CPU.ActiveCfg = Debug|Any CPU
		{0659450C-AEF8-4E9A-9619-8144D928442D}.Debug|Any CPU.Build.0 = Debug|Any CPU
		{0659450C-AEF8-4E9A-9619-8144D928442D}.Release|Any CPU.ActiveCfg = Release|Any CPU
		{0659450C-AEF8-4E9A-9619-8144D928442D}.Release|Any CPU.Build.0 = Release|Any CPU
	EndGlobalSection
	GlobalSection(SolutionProperties) = preSolution
		HideSolutionNode = FALSE
	EndGlobalSection
	GlobalSection(ExtensibilityGlobals) = postSolution
		SolutionGuid = {313601A8-AD31-4B32-8740-163EACD0D667}
	EndGlobalSection
EndGlobal
